
Microsoft Visual Studio Solution File, Format Version 12.00
# Visual Studio Version 17
VisualStudioVersion = 17.10.35122.118
MinimumVisualStudioVersion = 10.0.40219.1
Project("{FAE04EC0-301F-11D3-BF4B-00C04F79EFBC}") = "ServiceAppBase64toPDF", "ServiceAppBase64toPDF\ServiceAppBase64toPDF.csproj", "{0C21A16F-DF27-46A4-BD86-A7442834A643}"
EndProject
Project("{FAE04EC0-301F-11D3-BF4B-00C04F79EFBC}") = "ServiceAppBase64toPDF.Application", "ServiceAppBase64toPDF.Application\ServiceAppBase64toPDF.Application.csproj", "{04F51A7B-E382-434A-94A8-192DC302C718}"
EndProject
Project("{FAE04EC0-301F-11D3-BF4B-00C04F79EFBC}") = "ServiceAppBase64toPDF.Domain", "ServiceAppBase64toPDF.Domain\ServiceAppBase64toPDF.Domain.csproj", "{465FCC62-881F-46BA-A0BF-864FFF1D4094}"
EndProject
Project("{FAE04EC0-301F-11D3-BF4B-00C04F79EFBC}") = "ServiceAppBase64toPDF.Infrastructure", "ServiceAppBase64toPDF.Infrastructure\ServiceAppBase64toPDF.Infrastructure.csproj", "{9AE4DF46-1D38-4528-9056-544B0E57D188}"
EndProject
Global
	GlobalSection(SolutionConfigurationPlatforms) = preSolution
		Debug|Any CPU = Debug|Any CPU
		Release|Any CPU = Release|Any CPU
	EndGlobalSection
	GlobalSection(ProjectConfigurationPlatforms) = postSolution
		{0C21A16F-DF27-46A4-BD86-A7442834A643}.Debug|Any CPU.ActiveCfg = Debug|Any CPU
		{0C21A16F-DF27-46A4-BD86-A7442834A643}.Debug|Any CPU.Build.0 = Debug|Any CPU
		{0C21A16F-DF27-46A4-BD86-A7442834A643}.Release|Any CPU.ActiveCfg = Release|Any CPU
		{0C21A16F-DF27-46A4-BD86-A7442834A643}.Release|Any CPU.Build.0 = Release|Any CPU
		{04F51A7B-E382-434A-94A8-192DC302C718}.Debug|Any CPU.ActiveCfg = Debug|Any CPU
		{04F51A7B-E382-434A-94A8-192DC302C718}.Debug|Any CPU.Build.0 = Debug|Any CPU
		{04F51A7B-E382-434A-94A8-192DC302C718}.Release|Any CPU.ActiveCfg = Release|Any CPU
		{04F51A7B-E382-434A-94A8-192DC302C718}.Release|Any CPU.Build.0 = Release|Any CPU
		{465FCC62-881F-46BA-A0BF-864FFF1D4094}.Debug|Any CPU.ActiveCfg = Debug|Any CPU
		{465FCC62-881F-46BA-A0BF-864FFF1D4094}.Debug|Any CPU.Build.0 = Debug|Any CPU
		{465FCC62-881F-46BA-A0BF-864FFF1D4094}.Release|Any CPU.ActiveCfg = Release|Any CPU
		{465FCC62-881F-46BA-A0BF-864FFF1D4094}.Release|Any CPU.Build.0 = Release|Any CPU
		{9AE4DF46-1D38-4528-9056-544B0E57D188}.Debug|Any CPU.ActiveCfg = Debug|Any CPU
		{9AE4DF46-1D38-4528-9056-544B0E57D188}.Debug|Any CPU.Build.0 = Debug|Any CPU
		{9AE4DF46-1D38-4528-9056-544B0E57D188}.Release|Any CPU.ActiveCfg = Release|Any CPU
		{9AE4DF46-1D38-4528-9056-544B0E57D188}.Release|Any CPU.Build.0 = Release|Any CPU
	EndGlobalSection
	GlobalSection(SolutionProperties) = preSolution
		HideSolutionNode = FALSE
	EndGlobalSection
	GlobalSection(ExtensibilityGlobals) = postSolution
		SolutionGuid = {904C7F8F-A404-4107-8636-2654B4C3A3E7}
	EndGlobalSection
EndGlobal
